
Microsoft Visual Studio Solution File, Format Version 12.00
# Visual Studio 15
VisualStudioVersion = 15.0.27428.2005
MinimumVisualStudioVersion = 10.0.40219.1
Project("{8BC9CEB8-8B4A-11D0-8D11-00A0C91BC942}") = "SortSuite", "SortSuite\SortSuite.vcxproj", "{80F65ECB-4D7D-4F2C-AC57-7A7D1D20E045}"
EndProject
Global
	GlobalSection(SolutionConfigurationPlatforms) = preSolution
		Debug|x64 = Debug|x64
		Debug|x86 = Debug|x86
		Release|x64 = Release|x64
		Release|x86 = Release|x86
	EndGlobalSection
	GlobalSection(ProjectConfigurationPlatforms) = postSolution
		{80F65ECB-4D7D-4F2C-AC57-7A7D1D20E045}.Debug|x64.ActiveCfg = Debug|x64
		{80F65ECB-4D7D-4F2C-AC57-7A7D1D20E045}.Debug|x64.Build.0 = Debug|x64
		{80F65ECB-4D7D-4F2C-AC57-7A7D1D20E045}.Debug|x86.ActiveCfg = Debug|Win32
		{80F65ECB-4D7D-4F2C-AC57-7A7D1D20E045}.Debug|x86.Build.0 = Debug|Win32
		{80F65ECB-4D7D-4F2C-AC57-7A7D1D20E045}.Release|x64.ActiveCfg = Release|x64
		{80F65ECB-4D7D-4F2C-AC57-7A7D1D20E045}.Release|x64.Build.0 = Release|x64
		{80F65ECB-4D7D-4F2C-AC57-7A7D1D20E045}.Release|x86.ActiveCfg = Release|Win32
		{80F65ECB-4D7D-4F2C-AC57-7A7D1D20E045}.Release|x86.Build.0 = Release|Win32
	EndGlobalSection
	GlobalSection(SolutionProperties) = preSolution
		HideSolutionNode = FALSE
	EndGlobalSection
	GlobalSection(ExtensibilityGlobals) = postSolution
		SolutionGuid = {0A0B098B-4CAD-4BB3-9445-1040501267DD}
	EndGlobalSection
EndGlobal
